{
  "name": "workspasessample",
  "lockfileVersion": 3,
  "requires": true,
  "packages": {
    "": {
      "name": "workspasessample",
      "workspaces": [
        "project1/*",
        "project2/*",
        "projects/*"
      ]
    },
    "node_modules/@workspasessample/projectA": {
      "resolved": "projects/projectA",
      "link": true
    },
    "node_modules/@workspasessample/projectB": {
      "resolved": "projects/projectB",
      "link": true
    },
    "node_modules/@workspasessample/projectC": {
      "resolved": "projects/projectC",
      "link": true
    },
    "node_modules/moment": {
      "version": "2.29.4",
      "resolved": "https://registry.npmjs.org/moment/-/moment-2.29.4.tgz",
      "integrity": "sha512-5LC9SOxjSc2HF6vO2CyuTDNivEdoz2IvyJJGj6X8DJ0eFyfszE0QiEd+iXmBvUP3WHxSjFH/vIsA0EN00cgr8w==",
      "engines": {
        "node": "*"
      }
    },
    "projects/projectA": {
      "name": "@workspasessample/projectA",
      "version": "1.0.0",
      "dependencies": {
        "moment": "^2.29.1"
      }
    },
    "projects/projectB": {
      "name": "@workspasessample/projectB",
      "version": "1.0.0",
      "dependencies": {
        "moment": "^2.29.1"
      }
    },
    "projects/projectC": {
      "name": "@workspasessample/projectC",
      "version": "1.0.0",
      "dependencies": {
        "moment": "^2.29.1"
      }
    }
  }
}
